{
  "requires": true,
  "lockfileVersion": 1,
  "dependencies": {
    "@angular/compiler": {
      "version": "9.0.6",
      "resolved": "https://registry.npmjs.org/@angular/compiler/-/compiler-9.0.6.tgz",
      "integrity": "sha512-jGTGNs8l3zwTnVEQH2v3HwWVvpz0bQY7B6rPkfHNP2bVwrhz7L6fYyJY1HtWM0S95b09NuSwianhabnEzQeTfQ=="
    },
    "@angular/platform-browser-dynamic": {
      "version": "9.0.6",
      "resolved": "https://registry.npmjs.org/@angular/platform-browser-dynamic/-/platform-browser-dynamic-9.0.6.tgz",
      "integrity": "sha512-Z0/qHciqbR+c2fwGxrkr77tQkEKhZpAPljGva/VNoS3Ms1OikqZB9Ev7xmZOM9656khPBU38m3aLsTXAAnQ4YA=="
    },
    "@angular/platform-server": {
      "version": "9.0.6",
      "resolved": "https://registry.npmjs.org/@angular/platform-server/-/platform-server-9.0.6.tgz",
      "integrity": "sha512-v+as/mgdKTJXj/+FU7C57Jsc3P/yzJ64XPOu4N8DDh0TRZrEOunXSqH97Wyn9z7dIe4YdRR2MU9CZkiGvoeKnw==",
      "requires": {
        "domino": "^2.1.2",
        "xhr2": "^0.1.4"
      }
    },
    "domino": {
      "version": "2.1.4",
      "resolved": "https://registry.npmjs.org/domino/-/domino-2.1.4.tgz",
      "integrity": "sha512-l70mlQ7IjPKC8kT7GljQXJZmt5OqFL+RE91ik5y5WWQtsd9wP8R7gpFnNu96fK5MqAAZRXfLLsnzKtkty5fWGQ=="
    },
    "xhr2": {
      "version": "0.1.4",
      "resolved": "https://registry.npmjs.org/xhr2/-/xhr2-0.1.4.tgz",
      "integrity": "sha1-f4dliEdxbbUCYyOBL4GMras4el8="
    }
  }
}
